
Microsoft Visual Studio Solution File, Format Version 12.00
# Visual Studio Version 17
VisualStudioVersion = 17.5.002.0
MinimumVisualStudioVersion = 10.0.40219.1
Project("{9A19103F-16F7-4668-BE54-9A1E7A4F7556}") = "RpgMvc", "RpgMvc.csproj", "{735F1571-7A64-47FC-9A1A-05351A3B9817}"
EndProject
Global
	GlobalSection(SolutionConfigurationPlatforms) = preSolution
		Debug|Any CPU = Debug|Any CPU
		Release|Any CPU = Release|Any CPU
	EndGlobalSection
	GlobalSection(ProjectConfigurationPlatforms) = postSolution
		{735F1571-7A64-47FC-9A1A-05351A3B9817}.Debug|Any CPU.ActiveCfg = Debug|Any CPU
		{735F1571-7A64-47FC-9A1A-05351A3B9817}.Debug|Any CPU.Build.0 = Debug|Any CPU
		{735F1571-7A64-47FC-9A1A-05351A3B9817}.Release|Any CPU.ActiveCfg = Release|Any CPU
		{735F1571-7A64-47FC-9A1A-05351A3B9817}.Release|Any CPU.Build.0 = Release|Any CPU
	EndGlobalSection
	GlobalSection(SolutionProperties) = preSolution
		HideSolutionNode = FALSE
	EndGlobalSection
	GlobalSection(ExtensibilityGlobals) = postSolution
		SolutionGuid = {716A0C9C-B590-441C-9098-BC9B464E86C5}
	EndGlobalSection
EndGlobal
